github.com/Graylog2/go-gelf v0.0.0-20170811154226-7ebf4f536d8f h1:xMWj7GzE4gCkm8e+661/GJHDXr4h7/jt4kM1Vvr9c5k=
github.com/Graylog2/go-gelf v0.0.0-20170811154226-7ebf4f536d8f/go.mod h1:fBaQWrftOD5CrVCUfoYGHs4X4VViTuGOXA8WloCjTY0=
github.com/samber/lo v1.44.0 h1:5il56KxRE+GHsm1IR+sZ/6J42NODigFiqCWpSc2dybA=
github.com/samber/lo v1.44.0/go.mod h1:RmDH9Ct32Qy3gduHQuKJ3gW1fMHAnE/fAzQuf6He5cU=
github.com/samber/slog-common v0.17.0 h1:HdRnk7QQTa9ByHlLPK3llCBo8ZSX3F/ZyeqVI5dfMtI=
github.com/samber/slog-common v0.17.0/go.mod h1:mZSJhinB4aqHziR0SKPqpVZjJ0JO35JfH+dDIWqaCBk=
golang.org/x/text v0.16.0 h1:a94ExnEXNtEwYLGJSIUxnWoxoRz/ZcCsV63ROupILh4=
golang.org/x/text v0.16.0/go.mod h1:GhwF1Be+LQoKShO3cGOHzqOgRrGaYc9AvblQOmPVHnI=
